{
  "name": "aiderfixer",
  "version": "1.0.0",
  "lockfileVersion": 3,
  "requires": true,
  "packages": {
    "": {
      "name": "aiderfixer",
      "version": "1.0.0",
      "license": "MIT",
      "dependencies": {
        "@octokit/auth-app": "^4.0.13",
        "@octokit/rest": "^19.0.13",
        "itty-router": "^3.0.12"
      },
      "devDependencies": {
        "wrangler": "^3.19.0"
      }
    }
  }
}
